[0m[1myandex_compute_instance.rest-api-vm1: Refreshing state... [id=epdiaifhh67g020pbqk4][0m

Terraform used the selected providers to generate the following execution
plan. Resource actions are indicated with the following symbols:
  [32m+[0m create[0m

Terraform planned the following actions, but then encountered a problem:

[1m  # yandex_compute_disk.boot-disk-vm1[0m will be created
[0m  [32m+[0m[0m resource "yandex_compute_disk" "boot-disk-vm1" {
      [32m+[0m[0m block_size  = 4096
      [32m+[0m[0m created_at  = (known after apply)
      [32m+[0m[0m folder_id   = (known after apply)
      [32m+[0m[0m id          = (known after apply)
      [32m+[0m[0m image_id    = (known after apply)
      [32m+[0m[0m name        = "boot-disk-1"
      [32m+[0m[0m product_ids = (known after apply)
      [32m+[0m[0m size        = 30
      [32m+[0m[0m status      = (known after apply)
      [32m+[0m[0m type        = "network-hdd"
      [32m+[0m[0m zone        = "ru-central1-b"

      [32m+[0m[0m disk_placement_policy (known after apply)

      [32m+[0m[0m hardware_generation (known after apply)
    }

[1m  # yandex_compute_image.deb11[0m will be created
[0m  [32m+[0m[0m resource "yandex_compute_image" "deb11" {
      [32m+[0m[0m created_at      = (known after apply)
      [32m+[0m[0m folder_id       = (known after apply)
      [32m+[0m[0m id              = (known after apply)
      [32m+[0m[0m min_disk_size   = (known after apply)
      [32m+[0m[0m os_type         = (known after apply)
      [32m+[0m[0m pooled          = (known after apply)
      [32m+[0m[0m product_ids     = (known after apply)
      [32m+[0m[0m size            = (known after apply)
      [32m+[0m[0m source_disk     = (known after apply)
      [32m+[0m[0m source_family   = "debian-11-oslogin"
      [32m+[0m[0m source_image    = (known after apply)
      [32m+[0m[0m source_snapshot = (known after apply)
      [32m+[0m[0m source_url      = (known after apply)
      [32m+[0m[0m status          = (known after apply)

      [32m+[0m[0m hardware_generation (known after apply)
    }

[1mPlan:[0m [0m2 to add, 0 to change, 0 to destroy.
[31m╷[0m[0m
[31m│[0m [0m[1m[31mError: [0m[0m[1merror reading Instance "rest-api-vm1": client-request-id = b6f0fb8e-2e61-4f0a-bed8-82dfe0516f3a client-trace-id = 15ebf807-7d7a-4df2-8c82-368ca6f7235a rpc error: code = Unauthenticated desc = Authentication failed[0m
[31m│[0m [0m
[31m│[0m [0m[0m  with yandex_compute_instance.rest-api-vm1,
[31m│[0m [0m  on instances.tf line 1, in resource "yandex_compute_instance" "rest-api-vm1":
[31m│[0m [0m   1: resource "yandex_compute_instance" "rest-api-vm1" [4m{[0m[0m
[31m│[0m [0m
[31m╵[0m[0m
